Microsoft Visual Studio Solution File, Format Version 11.00
# Visual Studio 2008

Project("{DECE97E1-769E-D9DB-5634-A306BD89715D}") = "FPVr Racing", "Assembly-CSharp-firstpass.csproj", "{F7EAC09A-A4E1-A3B5-BDCD-B0DFAD2402B9}"
EndProject
Project("{DECE97E1-769E-D9DB-5634-A306BD89715D}") = "FPVr Racing", "Assembly-CSharp.csproj", "{900ED691-0E9E-0E11-8329-4543F081A49A}"
EndProject
Project("{DECE97E1-769E-D9DB-5634-A306BD89715D}") = "FPVr Racing", "Assembly-CSharp-Editor.csproj", "{28AA6CE6-A957-72CF-72A4-22E7462DFB4C}"
EndProject
Global
	GlobalSection(SolutionConfigurationPlatforms) = preSolution
		Debug|Any CPU = Debug|Any CPU
		Release|Any CPU = Release|Any CPU
	EndGlobalSection
	GlobalSection(ProjectConfigurationPlatforms) = postSolution
		{F7EAC09A-A4E1-A3B5-BDCD-B0DFAD2402B9}.Debug|Any CPU.ActiveCfg = Debug|Any CPU
		{F7EAC09A-A4E1-A3B5-BDCD-B0DFAD2402B9}.Debug|Any CPU.Build.0 = Debug|Any CPU
		{F7EAC09A-A4E1-A3B5-BDCD-B0DFAD2402B9}.Release|Any CPU.ActiveCfg = Release|Any CPU
		{F7EAC09A-A4E1-A3B5-BDCD-B0DFAD2402B9}.Release|Any CPU.Build.0 = Release|Any CPU
		{900ED691-0E9E-0E11-8329-4543F081A49A}.Debug|Any CPU.ActiveCfg = Debug|Any CPU
		{900ED691-0E9E-0E11-8329-4543F081A49A}.Debug|Any CPU.Build.0 = Debug|Any CPU
		{900ED691-0E9E-0E11-8329-4543F081A49A}.Release|Any CPU.ActiveCfg = Release|Any CPU
		{900ED691-0E9E-0E11-8329-4543F081A49A}.Release|Any CPU.Build.0 = Release|Any CPU
		{28AA6CE6-A957-72CF-72A4-22E7462DFB4C}.Debug|Any CPU.ActiveCfg = Debug|Any CPU
		{28AA6CE6-A957-72CF-72A4-22E7462DFB4C}.Debug|Any CPU.Build.0 = Debug|Any CPU
		{28AA6CE6-A957-72CF-72A4-22E7462DFB4C}.Release|Any CPU.ActiveCfg = Release|Any CPU
		{28AA6CE6-A957-72CF-72A4-22E7462DFB4C}.Release|Any CPU.Build.0 = Release|Any CPU
	EndGlobalSection
	GlobalSection(SolutionProperties) = preSolution
		HideSolutionNode = FALSE
	EndGlobalSection
	GlobalSection(MonoDevelopProperties) = preSolution
		StartupItem = Assembly-CSharp.csproj
	EndGlobalSection
EndGlobal
